{
  "nodes": {
    "agenix": {
      "inputs": {
        "darwin": [],
        "home-manager": "home-manager",
        "nixpkgs": [
          "nixpkgs"
        ],
        "systems": "systems"
      },
      "locked": {
        "lastModified": 1770165109,
        "narHash": "sha256-9VnK6Oqai65puVJ4WYtCTvlJeXxMzAp/69HhQuTdl/I=",
        "owner": "ryantm",
        "repo": "agenix",
        "rev": "b027ee29d959fda4b60b57566d64c98a202e0feb",
        "type": "github"
      },
      "original": {
        "owner": "ryantm",
        "repo": "agenix",
        "type": "github"
      }
    },
    "argononed": {
      "flake": false,
      "locked": {
        "lastModified": 1729566243,
        "narHash": "sha256-DPNI0Dpk5aym3Baf5UbEe5GENDrSmmXVdriRSWE+rgk=",
        "owner": "nvmd",
        "repo": "argononed",
        "rev": "16dbee54d49b66d5654d228d1061246b440ef7cf",
        "type": "github"
      },
      "original": {
        "owner": "nvmd",
        "repo": "argononed",
        "type": "github"
      }
    },
    "flake-compat": {
      "locked": {
        "lastModified": 1767039857,
        "narHash": "sha256-vNpUSpF5Nuw8xvDLj2KCwwksIbjua2LZCqhV1LNRDns=",
        "owner": "edolstra",
        "repo": "flake-compat",
        "rev": "5edf11c44bc78a0d334f6334cdaf7d60d732daab",
        "type": "github"
      },
      "original": {
        "owner": "edolstra",
        "repo": "flake-compat",
        "type": "github"
      }
    },
    "flake-parts": {
      "inputs": {
        "nixpkgs-lib": [
          "nixpkgs"
        ]
      },
      "locked": {
        "lastModified": 1777932387,
        "narHash": "sha256-nUYVPiqrzr36ThiQOAr5MKeGHDBSDM3OFWkz0uDjOvc=",
        "owner": "hercules-ci",
        "repo": "flake-parts",
        "rev": "71a3a77326609675e9f8b51084cf23d5d1945899",
        "type": "github"
      },
      "original": {
        "owner": "hercules-ci",
        "repo": "flake-parts",
        "type": "github"
      }
    },
    "home-manager": {
      "inputs": {
        "nixpkgs": [
          "agenix",
          "nixpkgs"
        ]
      },
      "locked": {
        "lastModified": 1745494811,
        "narHash": "sha256-YZCh2o9Ua1n9uCvrvi5pRxtuVNml8X2a03qIFfRKpFs=",
        "owner": "nix-community",
        "repo": "home-manager",
        "rev": "abfad3d2958c9e6300a883bd443512c55dfeb1be",
        "type": "github"
      },
      "original": {
        "owner": "nix-community",
        "repo": "home-manager",
        "type": "github"
      }
    },
    "nixos-images": {
      "inputs": {
        "nixos-stable": [
          "nixos-raspberrypi",
          "nixpkgs"
        ],
        "nixos-unstable": [
          "nixos-raspberrypi",
          "nixpkgs"
        ]
      },
      "locked": {
        "lastModified": 1747747741,
        "narHash": "sha256-LUOH27unNWbGTvZFitHonraNx0JF/55h30r9WxqrznM=",
        "owner": "nvmd",
        "repo": "nixos-images",
        "rev": "cbbd6db325775096680b65e2a32fb6187c09bbb4",
        "type": "github"
      },
      "original": {
        "owner": "nvmd",
        "ref": "sdimage-installer",
        "repo": "nixos-images",
        "type": "github"
      }
    },
    "nixos-raspberrypi": {
      "inputs": {
        "argononed": "argononed",
        "flake-compat": "flake-compat",
        "nixos-images": "nixos-images",
        "nixpkgs": [
          "nixpkgs"
        ]
      },
      "locked": {
        "lastModified": 1775857096,
        "narHash": "sha256-+eSij7C0oMqz76rGnB99RuWptBuEkJBm9vgb5fIwRrg=",
        "owner": "nvmd",
        "repo": "nixos-raspberrypi",
        "rev": "1dc4ca5f93587932383c0b61e1753f5eed1c3bba",
        "type": "github"
      },
      "original": {
        "owner": "nvmd",
        "ref": "main",
        "repo": "nixos-raspberrypi",
        "type": "github"
      }
    },
    "nixpkgs": {
      "locked": {
        "lastModified": 1777578337,
        "narHash": "sha256-Ad49moKWeXtKBJNy2ebiTQUEgdLyvGmTeykAQ9xM+Z4=",
        "owner": "NixOS",
        "repo": "nixpkgs",
        "rev": "15f4ee454b1dce334612fa6843b3e05cf546efab",
        "type": "github"
      },
      "original": {
        "id": "nixpkgs",
        "ref": "nixos-unstable",
        "type": "indirect"
      }
    },
    "nixpkgs-patch-add-oxicloud-module": {
      "flake": false,
      "locked": {
        "narHash": "sha256-580vUqUf6acmjQavIIHqNLgQskbvohdihWVqr+rlQdE=",
        "type": "file",
        "url": "https://github.com/flashonfire/nixpkgs/commit/09cfca4aa380.patch"
      },
      "original": {
        "type": "file",
        "url": "https://github.com/flashonfire/nixpkgs/commit/09cfca4aa380.patch"
      }
    },
    "nixpkgs-patch-fix-matter-server": {
      "flake": false,
      "locked": {
        "narHash": "sha256-juA8Akd6N7gSW93SJ7RnpKBYbHB01W/VQnSeXvuyZIc=",
        "type": "file",
        "url": "https://github.com/FlashOnFire/nixpkgs/commit/187b474c85e9.patch"
      },
      "original": {
        "type": "file",
        "url": "https://github.com/FlashOnFire/nixpkgs/commit/187b474c85e9.patch"
      }
    },
    "nixpkgs-patch-fix-mypy": {
      "flake": false,
      "locked": {
        "narHash": "sha256-JRIl4spEOQn7rtdKKSm64IuFY6t1WV0iZ4fBipoNBlk=",
        "type": "file",
        "url": "https://github.com/FlashOnFire/nixpkgs/commit/f4bc8453464ac0238fc43967d53ab600396d8674.patch"
      },
      "original": {
        "type": "file",
        "url": "https://github.com/FlashOnFire/nixpkgs/commit/f4bc8453464ac0238fc43967d53ab600396d8674.patch"
      }
    },
    "nixpkgs-patch-fix-oxicloud-cross": {
      "flake": false,
      "locked": {
        "narHash": "sha256-um5tz6/dWC3dXuWO6PpM7PylTPQefaFQEayLueTyWhE=",
        "type": "file",
        "url": "https://github.com/FlashOnFire/nixpkgs/commit/5ed331e4c2375a0f8362b40188cc498673e80141.patch"
      },
      "original": {
        "type": "file",
        "url": "https://github.com/FlashOnFire/nixpkgs/commit/5ed331e4c2375a0f8362b40188cc498673e80141.patch"
      }
    },
    "nixpkgs-patch-fix-python-hass-chip-wheels": {
      "flake": false,
      "locked": {
        "narHash": "sha256-j8Mzl3XMcQWQqoU+Dzq5ck4bkn24CBlwFLUpZCPSZPM=",
        "type": "file",
        "url": "https://github.com/FlashOnFire/nixpkgs/commit/b8497adabdd2.patch"
      },
      "original": {
        "type": "file",
        "url": "https://github.com/FlashOnFire/nixpkgs/commit/b8497adabdd2.patch"
      }
    },
    "nixpkgs-patch-fix-python-librt-cross": {
      "flake": false,
      "locked": {
        "narHash": "sha256-BlgTgz0dZGDyd8tbO8kxcnzaWnlz24jcFIxqasdVySc=",
        "type": "file",
        "url": "https://github.com/FlashOnFire/nixpkgs/commit/5e9b1541b3075895b38d7dad4fe4a7748704e809.patch"
      },
      "original": {
        "type": "file",
        "url": "https://github.com/FlashOnFire/nixpkgs/commit/5e9b1541b3075895b38d7dad4fe4a7748704e809.patch"
      }
    },
    "nixpkgs-patch-fix-python-orjson-cross": {
      "flake": false,
      "locked": {
        "narHash": "sha256-LTR5H4aB8v2XVYRUVzbLs7nrnvgjogrNlsI0LEOx92k=",
        "type": "file",
        "url": "https://github.com/FlashOnFire/nixpkgs/commit/96b4c4a72fa20d01d22b4043fab1b0793070454d.patch"
      },
      "original": {
        "type": "file",
        "url": "https://github.com/FlashOnFire/nixpkgs/commit/96b4c4a72fa20d01d22b4043fab1b0793070454d.patch"
      }
    },
    "nixpkgs-patcher": {
      "locked": {
        "lastModified": 1776988475,
        "narHash": "sha256-A8NZ7PAwmNQ/p9u0+CONi70AzZJHFf/91oPlA9XiLEY=",
        "owner": "gepbird",
        "repo": "nixpkgs-patcher",
        "rev": "0d45855a3c558f4bf067249dae4bef58b4455d85",
        "type": "github"
      },
      "original": {
        "owner": "gepbird",
        "repo": "nixpkgs-patcher",
        "type": "github"
      }
    },
    "root": {
      "inputs": {
        "agenix": "agenix",
        "flake-parts": "flake-parts",
        "nixos-raspberrypi": "nixos-raspberrypi",
        "nixpkgs": "nixpkgs",
        "nixpkgs-patch-add-oxicloud-module": "nixpkgs-patch-add-oxicloud-module",
        "nixpkgs-patch-fix-matter-server": "nixpkgs-patch-fix-matter-server",
        "nixpkgs-patch-fix-mypy": "nixpkgs-patch-fix-mypy",
        "nixpkgs-patch-fix-oxicloud-cross": "nixpkgs-patch-fix-oxicloud-cross",
        "nixpkgs-patch-fix-python-hass-chip-wheels": "nixpkgs-patch-fix-python-hass-chip-wheels",
        "nixpkgs-patch-fix-python-librt-cross": "nixpkgs-patch-fix-python-librt-cross",
        "nixpkgs-patch-fix-python-orjson-cross": "nixpkgs-patch-fix-python-orjson-cross",
        "nixpkgs-patcher": "nixpkgs-patcher",
        "systems": "systems_2"
      }
    },
    "systems": {
      "locked": {
        "lastModified": 1681028828,
        "narHash": "sha256-Vy1rq5AaRuLzOxct8nz4T6wlgyUR7zLU309k9mBC768=",
        "owner": "nix-systems",
        "repo": "default",
        "rev": "da67096a3b9bf56a91d16901293e51ba5b49a27e",
        "type": "github"
      },
      "original": {
        "owner": "nix-systems",
        "repo": "default",
        "type": "github"
      }
    },
    "systems_2": {
      "locked": {
        "lastModified": 1681028828,
        "narHash": "sha256-Vy1rq5AaRuLzOxct8nz4T6wlgyUR7zLU309k9mBC768=",
        "owner": "nix-systems",
        "repo": "default",
        "rev": "da67096a3b9bf56a91d16901293e51ba5b49a27e",
        "type": "github"
      },
      "original": {
        "owner": "nix-systems",
        "repo": "default",
        "type": "github"
      }
    }
  },
  "root": "root",
  "version": 7
}
