{
  "nodes": {
    "agenix": {
      "inputs": {
        "darwin": [],
        "home-manager": "home-manager",
        "nixpkgs": [
          "nixpkgs"
        ],
        "systems": "systems"
      },
      "locked": {
        "lastModified": 1770165109,
        "narHash": "sha256-9VnK6Oqai65puVJ4WYtCTvlJeXxMzAp/69HhQuTdl/I=",
        "owner": "ryantm",
        "repo": "agenix",
        "rev": "b027ee29d959fda4b60b57566d64c98a202e0feb",
        "type": "github"
      },
      "original": {
        "owner": "ryantm",
        "repo": "agenix",
        "type": "github"
      }
    },
    "argononed": {
      "flake": false,
      "locked": {
        "lastModified": 1729566243,
        "narHash": "sha256-DPNI0Dpk5aym3Baf5UbEe5GENDrSmmXVdriRSWE+rgk=",
        "owner": "nvmd",
        "repo": "argononed",
        "rev": "16dbee54d49b66d5654d228d1061246b440ef7cf",
        "type": "github"
      },
      "original": {
        "owner": "nvmd",
        "repo": "argononed",
        "type": "github"
      }
    },
    "flake-compat": {
      "locked": {
        "lastModified": 1767039857,
        "narHash": "sha256-vNpUSpF5Nuw8xvDLj2KCwwksIbjua2LZCqhV1LNRDns=",
        "owner": "edolstra",
        "repo": "flake-compat",
        "rev": "5edf11c44bc78a0d334f6334cdaf7d60d732daab",
        "type": "github"
      },
      "original": {
        "owner": "edolstra",
        "repo": "flake-compat",
        "type": "github"
      }
    },
    "flake-parts": {
      "inputs": {
        "nixpkgs-lib": [
          "nixpkgs"
        ]
      },
      "locked": {
        "lastModified": 1772408722,
        "narHash": "sha256-rHuJtdcOjK7rAHpHphUb1iCvgkU3GpfvicLMwwnfMT0=",
        "owner": "hercules-ci",
        "repo": "flake-parts",
        "rev": "f20dc5d9b8027381c474144ecabc9034d6a839a3",
        "type": "github"
      },
      "original": {
        "owner": "hercules-ci",
        "repo": "flake-parts",
        "type": "github"
      }
    },
    "flake-utils": {
      "inputs": {
        "systems": [
          "systems"
        ]
      },
      "locked": {
        "lastModified": 1731533236,
        "narHash": "sha256-l0KFg5HjrsfsO/JpG+r7fRrqm12kzFHyUHqHCVpMMbI=",
        "owner": "numtide",
        "repo": "flake-utils",
        "rev": "11707dc2f618dd54ca8739b309ec4fc024de578b",
        "type": "github"
      },
      "original": {
        "owner": "numtide",
        "repo": "flake-utils",
        "type": "github"
      }
    },
    "home-manager": {
      "inputs": {
        "nixpkgs": [
          "agenix",
          "nixpkgs"
        ]
      },
      "locked": {
        "lastModified": 1745494811,
        "narHash": "sha256-YZCh2o9Ua1n9uCvrvi5pRxtuVNml8X2a03qIFfRKpFs=",
        "owner": "nix-community",
        "repo": "home-manager",
        "rev": "abfad3d2958c9e6300a883bd443512c55dfeb1be",
        "type": "github"
      },
      "original": {
        "owner": "nix-community",
        "repo": "home-manager",
        "type": "github"
      }
    },
    "nixos-images": {
      "inputs": {
        "nixos-stable": [
          "nixos-raspberrypi",
          "nixpkgs"
        ],
        "nixos-unstable": [
          "nixos-raspberrypi",
          "nixpkgs"
        ]
      },
      "locked": {
        "lastModified": 1747747741,
        "narHash": "sha256-LUOH27unNWbGTvZFitHonraNx0JF/55h30r9WxqrznM=",
        "owner": "nvmd",
        "repo": "nixos-images",
        "rev": "cbbd6db325775096680b65e2a32fb6187c09bbb4",
        "type": "github"
      },
      "original": {
        "owner": "nvmd",
        "ref": "sdimage-installer",
        "repo": "nixos-images",
        "type": "github"
      }
    },
    "nixos-raspberrypi": {
      "inputs": {
        "argononed": "argononed",
        "flake-compat": "flake-compat",
        "nixos-images": "nixos-images",
        "nixpkgs": [
          "nixpkgs"
        ]
      },
      "locked": {
        "lastModified": 1771952074,
        "narHash": "sha256-E4YGCua2H3LcWI0kY8dksiQCwwXMO/q4noLwhbQp6Bc=",
        "owner": "nvmd",
        "repo": "nixos-raspberrypi",
        "rev": "05502b5099aba4df458acb46d0e0487d51318400",
        "type": "github"
      },
      "original": {
        "owner": "nvmd",
        "ref": "develop",
        "repo": "nixos-raspberrypi",
        "type": "github"
      }
    },
    "nixpkgs": {
      "locked": {
        "lastModified": 1772624091,
        "narHash": "sha256-QKyJ0QGWBn6r0invrMAK8dmJoBYWoOWy7lN+UHzW1jc=",
        "owner": "NixOS",
        "repo": "nixpkgs",
        "rev": "80bdc1e5ce51f56b19791b52b2901187931f5353",
        "type": "github"
      },
      "original": {
        "id": "nixpkgs",
        "ref": "nixos-unstable",
        "type": "indirect"
      }
    },
    "nixpkgs-patch-fix-cinny-cross": {
      "flake": false,
      "locked": {
        "narHash": "sha256-gP+opogEFP9c69upKdY62XSPgEFtawkCbjvmddU6Q9Q=",
        "type": "file",
        "url": "https://patch-diff.githubusercontent.com/raw/NixOS/nixpkgs/pull/496178.patch"
      },
      "original": {
        "type": "file",
        "url": "https://patch-diff.githubusercontent.com/raw/NixOS/nixpkgs/pull/496178.patch"
      }
    },
    "nixpkgs-patch-fix-gnutls-cross": {
      "flake": false,
      "locked": {
        "narHash": "sha256-JWptUHwQln8leb+9fC21uU2fW3sGmed/jdCSSSh9Wrk=",
        "type": "file",
        "url": "https://github.com/FlashOnFire/nixpkgs/commit/0671850bf537baf17376d30c3605016bde9b385d.patch"
      },
      "original": {
        "type": "file",
        "url": "https://github.com/FlashOnFire/nixpkgs/commit/0671850bf537baf17376d30c3605016bde9b385d.patch"
      }
    },
    "nixpkgs-patch-fix-immich-cross": {
      "flake": false,
      "locked": {
        "narHash": "sha256-8NOM3ET06MYaseUsfcfnWoXiKPnYI1pbwAmRLMMFcZk=",
        "type": "file",
        "url": "https://github.com/FlashOnFire/nixpkgs/commit/03820b7fbe5fbec9387860d090170a264e1c5dc2.patch"
      },
      "original": {
        "type": "file",
        "url": "https://github.com/FlashOnFire/nixpkgs/commit/03820b7fbe5fbec9387860d090170a264e1c5dc2.patch"
      }
    },
    "nixpkgs-patch-fix-mas-cross-compile": {
      "flake": false,
      "locked": {
        "narHash": "sha256-LwWEIiKlRRU5FjJ8K0p2T1wuml6XGvpuXwbK5hyDgpY=",
        "type": "file",
        "url": "https://github.com/FlashOnFire/nixpkgs/commit/5370f19009df.patch"
      },
      "original": {
        "type": "file",
        "url": "https://github.com/FlashOnFire/nixpkgs/commit/5370f19009df.patch"
      }
    },
    "nixpkgs-patch-fix-opencv-cross": {
      "flake": false,
      "locked": {
        "narHash": "sha256-sw2RtuD6YpwXGx3BH6eMffiSnLSI87OkXytutQh5KLo=",
        "type": "file",
        "url": "https://github.com/FlashOnFire/nixpkgs/commit/2b58bc2e3e9125add7807b0e51251a123ea1787d.patch"
      },
      "original": {
        "type": "file",
        "url": "https://github.com/FlashOnFire/nixpkgs/commit/2b58bc2e3e9125add7807b0e51251a123ea1787d.patch"
      }
    },
    "nixpkgs-patch-fix-pgrx-extension-cross": {
      "flake": false,
      "locked": {
        "narHash": "sha256-LZo0VQ0oQVrSztKhbbRcc2W9QL2d8ugEWrSar9VIHJ8=",
        "type": "file",
        "url": "https://github.com/FlashOnFire/nixpkgs/commit/e3a4b0f1917108751fa7f92dc98cf5c3c0229707.patch"
      },
      "original": {
        "type": "file",
        "url": "https://github.com/FlashOnFire/nixpkgs/commit/e3a4b0f1917108751fa7f92dc98cf5c3c0229707.patch"
      }
    },
    "nixpkgs-patch-fix-python-insightface-cross": {
      "flake": false,
      "locked": {
        "narHash": "sha256-ubG8NVTSgA4vK+OIqorF5rCoM249+xsWa4e+SJbFhBk=",
        "type": "file",
        "url": "https://github.com/FlashOnFire/nixpkgs/commit/8dae88c1c0830f3f9604a91a21ba60d83b3497d8.patch"
      },
      "original": {
        "type": "file",
        "url": "https://github.com/FlashOnFire/nixpkgs/commit/8dae88c1c0830f3f9604a91a21ba60d83b3497d8.patch"
      }
    },
    "nixpkgs-patch-fix-python-ml-dtypes-cross": {
      "flake": false,
      "locked": {
        "narHash": "sha256-RtLSceqWo1O1ZiP11LjreqiE5k47+MNpZew/Qga5NHU=",
        "type": "file",
        "url": "https://github.com/FlashOnFire/nixpkgs/commit/e513df4f09bae3baaf1f02c0704687bc77d65322.patch"
      },
      "original": {
        "type": "file",
        "url": "https://github.com/FlashOnFire/nixpkgs/commit/e513df4f09bae3baaf1f02c0704687bc77d65322.patch"
      }
    },
    "nixpkgs-patch-fix-python-onnx-cross": {
      "flake": false,
      "locked": {
        "narHash": "sha256-MphpY21HVQfgsRaLHrSJEE6NQb/4dFKFqF1p+i69pFI=",
        "type": "file",
        "url": "https://github.com/FlashOnFire/nixpkgs/commit/b36f8aca240898bd380b9a45e1b0d9310e3b676b.patch"
      },
      "original": {
        "type": "file",
        "url": "https://github.com/FlashOnFire/nixpkgs/commit/b36f8aca240898bd380b9a45e1b0d9310e3b676b.patch"
      }
    },
    "nixpkgs-patch-fix-python-onnx-runtime-cross": {
      "flake": false,
      "locked": {
        "narHash": "sha256-S/2P6HQMG8olPrxHziV7+q1lAAPYLUsvLTneXw56eg8=",
        "type": "file",
        "url": "https://github.com/FlashOnFire/nixpkgs/commit/442f8246a789bb4a27a3be703e992aed5e210c8a.patch"
      },
      "original": {
        "type": "file",
        "url": "https://github.com/FlashOnFire/nixpkgs/commit/442f8246a789bb4a27a3be703e992aed5e210c8a.patch"
      }
    },
    "nixpkgs-patch-fix-python-orjson-cross": {
      "flake": false,
      "locked": {
        "narHash": "sha256-xBNKmzuuK/sUtOYfcP3x9NlfxEs4oDjv2yGvZuEkHNQ=",
        "type": "file",
        "url": "https://github.com/FlashOnFire/nixpkgs/commit/327639b64c3eb70cecc94e6b9e69a39a0903caa8.patch"
      },
      "original": {
        "type": "file",
        "url": "https://github.com/FlashOnFire/nixpkgs/commit/327639b64c3eb70cecc94e6b9e69a39a0903caa8.patch"
      }
    },
    "nixpkgs-patch-fix-python-pip-cross": {
      "flake": false,
      "locked": {
        "narHash": "sha256-6UtrcCx3EgTgBbpyKCxv4WaU9e3JJ1akkEM2Odi8ZXA=",
        "type": "file",
        "url": "https://github.com/FlashOnFire/nixpkgs/commit/61f8a36ad0895dcb28404ca61b0860fe45dfc1b8.patch"
      },
      "original": {
        "type": "file",
        "url": "https://github.com/FlashOnFire/nixpkgs/commit/61f8a36ad0895dcb28404ca61b0860fe45dfc1b8.patch"
      }
    },
    "nixpkgs-patch-fix-python-simsimd-cross": {
      "flake": false,
      "locked": {
        "narHash": "sha256-0ieg2J0M5CZ7lirF32idwWSjScwu4GDBZTC5ki9trYs=",
        "type": "file",
        "url": "https://github.com/FlashOnFire/nixpkgs/commit/1c796cdba382e0ca403f81b11200aeca9208ad43.patch"
      },
      "original": {
        "type": "file",
        "url": "https://github.com/FlashOnFire/nixpkgs/commit/1c796cdba382e0ca403f81b11200aeca9208ad43.patch"
      }
    },
    "nixpkgs-patch-fix-python-stringzilla-cross": {
      "flake": false,
      "locked": {
        "narHash": "sha256-eWKr988SuWzmmQsf67ZdqUAJJex40bq825OLOYgjp18=",
        "type": "file",
        "url": "https://github.com/FlashOnFire/nixpkgs/commit/b5e6ecedc713845a252eb538823117aa8bd24b99.patch"
      },
      "original": {
        "type": "file",
        "url": "https://github.com/FlashOnFire/nixpkgs/commit/b5e6ecedc713845a252eb538823117aa8bd24b99.patch"
      }
    },
    "nixpkgs-patch-fix-vips-cross": {
      "flake": false,
      "locked": {
        "narHash": "sha256-fKMWk0gRLx6JT3qsQo53ssQX3U9mFWSqYtAOp9EonMw=",
        "type": "file",
        "url": "https://github.com/FlashOnFire/nixpkgs/commit/70e6a1672dbd60f155f5af4d38a836622afe6f03.patch"
      },
      "original": {
        "type": "file",
        "url": "https://github.com/FlashOnFire/nixpkgs/commit/70e6a1672dbd60f155f5af4d38a836622afe6f03.patch"
      }
    },
    "nixpkgs-patcher": {
      "locked": {
        "lastModified": 1772571520,
        "narHash": "sha256-wyMa3TVw55QaKUy86iFEDdw6MARAEm0zGe/PfQ855AA=",
        "owner": "gepbird",
        "repo": "nixpkgs-patcher",
        "rev": "69d83828fbd61d88eb494d08b2fb7da2c6e2d2fc",
        "type": "github"
      },
      "original": {
        "owner": "gepbird",
        "repo": "nixpkgs-patcher",
        "type": "github"
      }
    },
    "root": {
      "inputs": {
        "agenix": "agenix",
        "flake-parts": "flake-parts",
        "flake-utils": "flake-utils",
        "nixos-raspberrypi": "nixos-raspberrypi",
        "nixpkgs": "nixpkgs",
        "nixpkgs-patch-fix-cinny-cross": "nixpkgs-patch-fix-cinny-cross",
        "nixpkgs-patch-fix-gnutls-cross": "nixpkgs-patch-fix-gnutls-cross",
        "nixpkgs-patch-fix-immich-cross": "nixpkgs-patch-fix-immich-cross",
        "nixpkgs-patch-fix-mas-cross-compile": "nixpkgs-patch-fix-mas-cross-compile",
        "nixpkgs-patch-fix-opencv-cross": "nixpkgs-patch-fix-opencv-cross",
        "nixpkgs-patch-fix-pgrx-extension-cross": "nixpkgs-patch-fix-pgrx-extension-cross",
        "nixpkgs-patch-fix-python-insightface-cross": "nixpkgs-patch-fix-python-insightface-cross",
        "nixpkgs-patch-fix-python-ml-dtypes-cross": "nixpkgs-patch-fix-python-ml-dtypes-cross",
        "nixpkgs-patch-fix-python-onnx-cross": "nixpkgs-patch-fix-python-onnx-cross",
        "nixpkgs-patch-fix-python-onnx-runtime-cross": "nixpkgs-patch-fix-python-onnx-runtime-cross",
        "nixpkgs-patch-fix-python-orjson-cross": "nixpkgs-patch-fix-python-orjson-cross",
        "nixpkgs-patch-fix-python-pip-cross": "nixpkgs-patch-fix-python-pip-cross",
        "nixpkgs-patch-fix-python-simsimd-cross": "nixpkgs-patch-fix-python-simsimd-cross",
        "nixpkgs-patch-fix-python-stringzilla-cross": "nixpkgs-patch-fix-python-stringzilla-cross",
        "nixpkgs-patch-fix-vips-cross": "nixpkgs-patch-fix-vips-cross",
        "nixpkgs-patcher": "nixpkgs-patcher",
        "systems": "systems_2"
      }
    },
    "systems": {
      "locked": {
        "lastModified": 1681028828,
        "narHash": "sha256-Vy1rq5AaRuLzOxct8nz4T6wlgyUR7zLU309k9mBC768=",
        "owner": "nix-systems",
        "repo": "default",
        "rev": "da67096a3b9bf56a91d16901293e51ba5b49a27e",
        "type": "github"
      },
      "original": {
        "owner": "nix-systems",
        "repo": "default",
        "type": "github"
      }
    },
    "systems_2": {
      "locked": {
        "lastModified": 1681028828,
        "narHash": "sha256-Vy1rq5AaRuLzOxct8nz4T6wlgyUR7zLU309k9mBC768=",
        "owner": "nix-systems",
        "repo": "default",
        "rev": "da67096a3b9bf56a91d16901293e51ba5b49a27e",
        "type": "github"
      },
      "original": {
        "owner": "nix-systems",
        "repo": "default",
        "type": "github"
      }
    }
  },
  "root": "root",
  "version": 7
}
